github.com/luispater/matroska-go v1.2.4 h1:WNl6j/Zhmqs1VX5pZZmR75vxrL8uzl4dk09Hu3nzE0I=
github.com/luispater/matroska-go v1.2.4/go.mod h1:giucksajGO4MmrvlxwVci72/l/EdirWUI+ZZHt9ixHo=
golang.org/x/text v0.34.0 h1:oL/Qq0Kdaqxa1KbNeMKwQq0reLCCaFtqu2eNuSeNHbk=
golang.org/x/text v0.34.0/go.mod h1:homfLqTYRFyVYemLBFl5GgL/DWEiH5wcsQ5gSh1yziA=
